
Microsoft Visual Studio Solution File, Format Version 12.00
# Visual Studio Version 16
VisualStudioVersion = 16.0.30717.126
MinimumVisualStudioVersion = 10.0.40219.1
Project("{FAE04EC0-301F-11D3-BF4B-00C04F79EFBC}") = "MacierzPop", "MacierzPop.csproj", "{11D1CAF6-09C2-4BDE-86D2-F83D7110316C}"
EndProject
Global
	GlobalSection(SolutionConfigurationPlatforms) = preSolution
		Debug|Any CPU = Debug|Any CPU
		Release|Any CPU = Release|Any CPU
	EndGlobalSection
	GlobalSection(ProjectConfigurationPlatforms) = postSolution
		{11D1CAF6-09C2-4BDE-86D2-F83D7110316C}.Debug|Any CPU.ActiveCfg = Debug|Any CPU
		{11D1CAF6-09C2-4BDE-86D2-F83D7110316C}.Debug|Any CPU.Build.0 = Debug|Any CPU
		{11D1CAF6-09C2-4BDE-86D2-F83D7110316C}.Release|Any CPU.ActiveCfg = Release|Any CPU
		{11D1CAF6-09C2-4BDE-86D2-F83D7110316C}.Release|Any CPU.Build.0 = Release|Any CPU
	EndGlobalSection
	GlobalSection(SolutionProperties) = preSolution
		HideSolutionNode = FALSE
	EndGlobalSection
	GlobalSection(ExtensibilityGlobals) = postSolution
		SolutionGuid = {338B7396-9038-4E98-B176-AF52C1ECD0A3}
	EndGlobalSection
EndGlobal
